
Microsoft Visual Studio Solution File, Format Version 12.00
# Visual Studio Version 17
VisualStudioVersion = 17.14.37012.4
MinimumVisualStudioVersion = 10.0.40219.1
Project("{8BC9CEB8-8B4A-11D0-8D11-00A0C91BC942}") = "Ex090301", "Ex090301\Ex090301.vcxproj", "{A174D808-B814-4DAC-897D-888CB2CFD97C}"
EndProject
Project("{8BC9CEB8-8B4A-11D0-8D11-00A0C91BC942}") = "Ex090101", "Ex090101\Ex090101.vcxproj", "{C9E9B94A-7504-4035-8081-2C44B56FD55E}"
EndProject
Project("{8BC9CEB8-8B4A-11D0-8D11-00A0C91BC942}") = "Ex090102", "Ex090102\Ex090102.vcxproj", "{3A59C002-79F2-494C-AA37-E7A068B73DAD}"
EndProject
Project("{8BC9CEB8-8B4A-11D0-8D11-00A0C91BC942}") = "Ex090103", "Ex090103\Ex090103.vcxproj", "{56FD2B1B-1DCA-4E0F-A6AD-54679CB1A9BC}"
EndProject
Project("{8BC9CEB8-8B4A-11D0-8D11-00A0C91BC942}") = "Ex090104", "Ex090104\Ex090104.vcxproj", "{5793955E-F988-45DC-B384-33C9B4EDC393}"
EndProject
Project("{8BC9CEB8-8B4A-11D0-8D11-00A0C91BC942}") = "Ex090105", "Ex090105\Ex090105.vcxproj", "{29B21BBB-B2ED-45C9-81AC-47A2F37CBD05}"
EndProject
Project("{8BC9CEB8-8B4A-11D0-8D11-00A0C91BC942}") = "Ex090202", "Ex090202\Ex090202.vcxproj", "{5A582235-59BA-465E-A52C-A23156460D2F}"
EndProject
Project("{8BC9CEB8-8B4A-11D0-8D11-00A0C91BC942}") = "Ex090203", "Ex090203\Ex090203.vcxproj", "{4B2BF0DA-2A1F-4A56-AFB7-E4B64F4682C9}"
EndProject
Project("{8BC9CEB8-8B4A-11D0-8D11-00A0C91BC942}") = "Ex090204", "Ex090204\Ex090204.vcxproj", "{5BC673E5-1FF1-423F-B71A-C0A838112977}"
EndProject
Project("{8BC9CEB8-8B4A-11D0-8D11-00A0C91BC942}") = "Ex090205", "Ex090205\Ex090205.vcxproj", "{2BFF5198-4956-4F71-8770-E5B09B210D7C}"
EndProject
Project("{8BC9CEB8-8B4A-11D0-8D11-00A0C91BC942}") = "Ex090206", "Ex090206\Ex090206.vcxproj", "{77388D27-7446-4E4B-ADBE-018662D377B4}"
EndProject
Project("{8BC9CEB8-8B4A-11D0-8D11-00A0C91BC942}") = "Ex090207", "Ex090207\Ex090207.vcxproj", "{80DAC9D2-53ED-4AD6-8931-A62158F50B8A}"
EndProject
Project("{8BC9CEB8-8B4A-11D0-8D11-00A0C91BC942}") = "Ex090208", "Ex090208\Ex090208.vcxproj", "{B069E8BA-8B7B-43B5-8E40-7FE53DB724C1}"
EndProject
Project("{8BC9CEB8-8B4A-11D0-8D11-00A0C91BC942}") = "Ex090209", "Ex090209\Ex090209.vcxproj", "{F513352B-148D-46F2-A663-77441064D2F0}"
EndProject
Project("{8BC9CEB8-8B4A-11D0-8D11-00A0C91BC942}") = "Ex090302", "Ex090302\Ex090302.vcxproj", "{98A3036D-3125-4E9D-B565-E5F5222B942A}"
EndProject
Project("{8BC9CEB8-8B4A-11D0-8D11-00A0C91BC942}") = "Ex090303", "Ex090303\Ex090303.vcxproj", "{14230533-3B6A-4689-A4E4-327AFC825623}"
EndProject
Project("{8BC9CEB8-8B4A-11D0-8D11-00A0C91BC942}") = "Ex090304", "Ex090304\Ex090304.vcxproj", "{417634C1-7522-4EC5-8DEF-5D4C82BC5671}"
EndProject
Project("{8BC9CEB8-8B4A-11D0-8D11-00A0C91BC942}") = "Ex090401", "Ex090401\Ex090401.vcxproj", "{3D990A2A-7F81-46D3-AFE0-A41E9BD17C4D}"
EndProject
Project("{8BC9CEB8-8B4A-11D0-8D11-00A0C91BC942}") = "Ex090402", "Ex090402\Ex090402.vcxproj", "{EB8A4CAB-CBC7-475E-A68F-6757CABE763C}"
EndProject
Project("{8BC9CEB8-8B4A-11D0-8D11-00A0C91BC942}") = "Ex090403", "Ex090403\Ex090403.vcxproj", "{9F302103-99CF-4607-B302-05116B86B512}"
EndProject
Project("{8BC9CEB8-8B4A-11D0-8D11-00A0C91BC942}") = "Ex090501", "Ex090501\Ex090501.vcxproj", "{4709691D-CF05-4142-8149-11AC232BFE61}"
EndProject
Project("{8BC9CEB8-8B4A-11D0-8D11-00A0C91BC942}") = "Ex090502", "Ex090502\Ex090502.vcxproj", "{ABDD44A3-5B8F-494E-94B5-FA061F906964}"
EndProject
Project("{8BC9CEB8-8B4A-11D0-8D11-00A0C91BC942}") = "asdasd", "asdasd\asdasd.vcxproj", "{4574B1CA-6E81-46CA-A3D6-6B671EB2B05F}"
EndProject
Global
	GlobalSection(SolutionConfigurationPlatforms) = preSolution
		Debug|x64 = Debug|x64
		Debug|x86 = Debug|x86
		Release|x64 = Release|x64
		Release|x86 = Release|x86
	EndGlobalSection
	GlobalSection(ProjectConfigurationPlatforms) = postSolution
		{A174D808-B814-4DAC-897D-888CB2CFD97C}.Debug|x64.ActiveCfg = Debug|x64
		{A174D808-B814-4DAC-897D-888CB2CFD97C}.Debug|x64.Build.0 = Debug|x64
		{A174D808-B814-4DAC-897D-888CB2CFD97C}.Debug|x86.ActiveCfg = Debug|Win32
		{A174D808-B814-4DAC-897D-888CB2CFD97C}.Debug|x86.Build.0 = Debug|Win32
		{A174D808-B814-4DAC-897D-888CB2CFD97C}.Release|x64.ActiveCfg = Release|x64
		{A174D808-B814-4DAC-897D-888CB2CFD97C}.Release|x64.Build.0 = Release|x64
		{A174D808-B814-4DAC-897D-888CB2CFD97C}.Release|x86.ActiveCfg = Release|Win32
		{A174D808-B814-4DAC-897D-888CB2CFD97C}.Release|x86.Build.0 = Release|Win32
		{C9E9B94A-7504-4035-8081-2C44B56FD55E}.Debug|x64.ActiveCfg = Debug|x64
		{C9E9B94A-7504-4035-8081-2C44B56FD55E}.Debug|x64.Build.0 = Debug|x64
		{C9E9B94A-7504-4035-8081-2C44B56FD55E}.Debug|x86.ActiveCfg = Debug|Win32
		{C9E9B94A-7504-4035-8081-2C44B56FD55E}.Debug|x86.Build.0 = Debug|Win32
		{C9E9B94A-7504-4035-8081-2C44B56FD55E}.Release|x64.ActiveCfg = Release|x64
		{C9E9B94A-7504-4035-8081-2C44B56FD55E}.Release|x64.Build.0 = Release|x64
		{C9E9B94A-7504-4035-8081-2C44B56FD55E}.Release|x86.ActiveCfg = Release|Win32
		{C9E9B94A-7504-4035-8081-2C44B56FD55E}.Release|x86.Build.0 = Release|Win32
		{3A59C002-79F2-494C-AA37-E7A068B73DAD}.Debug|x64.ActiveCfg = Debug|x64
		{3A59C002-79F2-494C-AA37-E7A068B73DAD}.Debug|x64.Build.0 = Debug|x64
		{3A59C002-79F2-494C-AA37-E7A068B73DAD}.Debug|x86.ActiveCfg = Debug|Win32
		{3A59C002-79F2-494C-AA37-E7A068B73DAD}.Debug|x86.Build.0 = Debug|Win32
		{3A59C002-79F2-494C-AA37-E7A068B73DAD}.Release|x64.ActiveCfg = Release|x64
		{3A59C002-79F2-494C-AA37-E7A068B73DAD}.Release|x64.Build.0 = Release|x64
		{3A59C002-79F2-494C-AA37-E7A068B73DAD}.Release|x86.ActiveCfg = Release|Win32
		{3A59C002-79F2-494C-AA37-E7A068B73DAD}.Release|x86.Build.0 = Release|Win32
		{56FD2B1B-1DCA-4E0F-A6AD-54679CB1A9BC}.Debug|x64.ActiveCfg = Debug|x64
		{56FD2B1B-1DCA-4E0F-A6AD-54679CB1A9BC}.Debug|x64.Build.0 = Debug|x64
		{56FD2B1B-1DCA-4E0F-A6AD-54679CB1A9BC}.Debug|x86.ActiveCfg = Debug|Win32
		{56FD2B1B-1DCA-4E0F-A6AD-54679CB1A9BC}.Debug|x86.Build.0 = Debug|Win32
		{56FD2B1B-1DCA-4E0F-A6AD-54679CB1A9BC}.Release|x64.ActiveCfg = Release|x64
		{56FD2B1B-1DCA-4E0F-A6AD-54679CB1A9BC}.Release|x64.Build.0 = Release|x64
		{56FD2B1B-1DCA-4E0F-A6AD-54679CB1A9BC}.Release|x86.ActiveCfg = Release|Win32
		{56FD2B1B-1DCA-4E0F-A6AD-54679CB1A9BC}.Release|x86.Build.0 = Release|Win32
		{5793955E-F988-45DC-B384-33C9B4EDC393}.Debug|x64.ActiveCfg = Debug|x64
		{5793955E-F988-45DC-B384-33C9B4EDC393}.Debug|x64.Build.0 = Debug|x64
		{5793955E-F988-45DC-B384-33C9B4EDC393}.Debug|x86.ActiveCfg = Debug|Win32
		{5793955E-F988-45DC-B384-33C9B4EDC393}.Debug|x86.Build.0 = Debug|Win32
		{5793955E-F988-45DC-B384-33C9B4EDC393}.Release|x64.ActiveCfg = Release|x64
		{5793955E-F988-45DC-B384-33C9B4EDC393}.Release|x64.Build.0 = Release|x64
		{5793955E-F988-45DC-B384-33C9B4EDC393}.Release|x86.ActiveCfg = Release|Win32
		{5793955E-F988-45DC-B384-33C9B4EDC393}.Release|x86.Build.0 = Release|Win32
		{29B21BBB-B2ED-45C9-81AC-47A2F37CBD05}.Debug|x64.ActiveCfg = Debug|x64
		{29B21BBB-B2ED-45C9-81AC-47A2F37CBD05}.Debug|x64.Build.0 = Debug|x64
		{29B21BBB-B2ED-45C9-81AC-47A2F37CBD05}.Debug|x86.ActiveCfg = Debug|Win32
		{29B21BBB-B2ED-45C9-81AC-47A2F37CBD05}.Debug|x86.Build.0 = Debug|Win32
		{29B21BBB-B2ED-45C9-81AC-47A2F37CBD05}.Release|x64.ActiveCfg = Release|x64
		{29B21BBB-B2ED-45C9-81AC-47A2F37CBD05}.Release|x64.Build.0 = Release|x64
		{29B21BBB-B2ED-45C9-81AC-47A2F37CBD05}.Release|x86.ActiveCfg = Release|Win32
		{29B21BBB-B2ED-45C9-81AC-47A2F37CBD05}.Release|x86.Build.0 = Release|Win32
		{5A582235-59BA-465E-A52C-A23156460D2F}.Debug|x64.ActiveCfg = Debug|x64
		{5A582235-59BA-465E-A52C-A23156460D2F}.Debug|x64.Build.0 = Debug|x64
		{5A582235-59BA-465E-A52C-A23156460D2F}.Debug|x86.ActiveCfg = Debug|Win32
		{5A582235-59BA-465E-A52C-A23156460D2F}.Debug|x86.Build.0 = Debug|Win32
		{5A582235-59BA-465E-A52C-A23156460D2F}.Release|x64.ActiveCfg = Release|x64
		{5A582235-59BA-465E-A52C-A23156460D2F}.Release|x64.Build.0 = Release|x64
		{5A582235-59BA-465E-A52C-A23156460D2F}.Release|x86.ActiveCfg = Release|Win32
		{5A582235-59BA-465E-A52C-A23156460D2F}.Release|x86.Build.0 = Release|Win32
		{4B2BF0DA-2A1F-4A56-AFB7-E4B64F4682C9}.Debug|x64.ActiveCfg = Debug|x64
		{4B2BF0DA-2A1F-4A56-AFB7-E4B64F4682C9}.Debug|x64.Build.0 = Debug|x64
		{4B2BF0DA-2A1F-4A56-AFB7-E4B64F4682C9}.Debug|x86.ActiveCfg = Debug|Win32
		{4B2BF0DA-2A1F-4A56-AFB7-E4B64F4682C9}.Debug|x86.Build.0 = Debug|Win32
		{4B2BF0DA-2A1F-4A56-AFB7-E4B64F4682C9}.Release|x64.ActiveCfg = Release|x64
		{4B2BF0DA-2A1F-4A56-AFB7-E4B64F4682C9}.Release|x64.Build.0 = Release|x64
		{4B2BF0DA-2A1F-4A56-AFB7-E4B64F4682C9}.Release|x86.ActiveCfg = Release|Win32
		{4B2BF0DA-2A1F-4A56-AFB7-E4B64F4682C9}.Release|x86.Build.0 = Release|Win32
		{5BC673E5-1FF1-423F-B71A-C0A838112977}.Debug|x64.ActiveCfg = Debug|x64
		{5BC673E5-1FF1-423F-B71A-C0A838112977}.Debug|x64.Build.0 = Debug|x64
		{5BC673E5-1FF1-423F-B71A-C0A838112977}.Debug|x86.ActiveCfg = Debug|Win32
		{5BC673E5-1FF1-423F-B71A-C0A838112977}.Debug|x86.Build.0 = Debug|Win32
		{5BC673E5-1FF1-423F-B71A-C0A838112977}.Release|x64.ActiveCfg = Release|x64
		{5BC673E5-1FF1-423F-B71A-C0A838112977}.Release|x64.Build.0 = Release|x64
		{5BC673E5-1FF1-423F-B71A-C0A838112977}.Release|x86.ActiveCfg = Release|Win32
		{5BC673E5-1FF1-423F-B71A-C0A838112977}.Release|x86.Build.0 = Release|Win32
		{2BFF5198-4956-4F71-8770-E5B09B210D7C}.Debug|x64.ActiveCfg = Debug|x64
		{2BFF5198-4956-4F71-8770-E5B09B210D7C}.Debug|x64.Build.0 = Debug|x64
		{2BFF5198-4956-4F71-8770-E5B09B210D7C}.Debug|x86.ActiveCfg = Debug|Win32
		{2BFF5198-4956-4F71-8770-E5B09B210D7C}.Debug|x86.Build.0 = Debug|Win32
		{2BFF5198-4956-4F71-8770-E5B09B210D7C}.Release|x64.ActiveCfg = Release|x64
		{2BFF5198-4956-4F71-8770-E5B09B210D7C}.Release|x64.Build.0 = Release|x64
		{2BFF5198-4956-4F71-8770-E5B09B210D7C}.Release|x86.ActiveCfg = Release|Win32
		{2BFF5198-4956-4F71-8770-E5B09B210D7C}.Release|x86.Build.0 = Release|Win32
		{77388D27-7446-4E4B-ADBE-018662D377B4}.Debug|x64.ActiveCfg = Debug|x64
		{77388D27-7446-4E4B-ADBE-018662D377B4}.Debug|x64.Build.0 = Debug|x64
		{77388D27-7446-4E4B-ADBE-018662D377B4}.Debug|x86.ActiveCfg = Debug|Win32
		{77388D27-7446-4E4B-ADBE-018662D377B4}.Debug|x86.Build.0 = Debug|Win32
		{77388D27-7446-4E4B-ADBE-018662D377B4}.Release|x64.ActiveCfg = Release|x64
		{77388D27-7446-4E4B-ADBE-018662D377B4}.Release|x64.Build.0 = Release|x64
		{77388D27-7446-4E4B-ADBE-018662D377B4}.Release|x86.ActiveCfg = Release|Win32
		{77388D27-7446-4E4B-ADBE-018662D377B4}.Release|x86.Build.0 = Release|Win32
		{80DAC9D2-53ED-4AD6-8931-A62158F50B8A}.Debug|x64.ActiveCfg = Debug|x64
		{80DAC9D2-53ED-4AD6-8931-A62158F50B8A}.Debug|x64.Build.0 = Debug|x64
		{80DAC9D2-53ED-4AD6-8931-A62158F50B8A}.Debug|x86.ActiveCfg = Debug|Win32
		{80DAC9D2-53ED-4AD6-8931-A62158F50B8A}.Debug|x86.Build.0 = Debug|Win32
		{80DAC9D2-53ED-4AD6-8931-A62158F50B8A}.Release|x64.ActiveCfg = Release|x64
		{80DAC9D2-53ED-4AD6-8931-A62158F50B8A}.Release|x64.Build.0 = Release|x64
		{80DAC9D2-53ED-4AD6-8931-A62158F50B8A}.Release|x86.ActiveCfg = Release|Win32
		{80DAC9D2-53ED-4AD6-8931-A62158F50B8A}.Release|x86.Build.0 = Release|Win32
		{B069E8BA-8B7B-43B5-8E40-7FE53DB724C1}.Debug|x64.ActiveCfg = Debug|x64
		{B069E8BA-8B7B-43B5-8E40-7FE53DB724C1}.Debug|x64.Build.0 = Debug|x64
		{B069E8BA-8B7B-43B5-8E40-7FE53DB724C1}.Debug|x86.ActiveCfg = Debug|Win32
		{B069E8BA-8B7B-43B5-8E40-7FE53DB724C1}.Debug|x86.Build.0 = Debug|Win32
		{B069E8BA-8B7B-43B5-8E40-7FE53DB724C1}.Release|x64.ActiveCfg = Release|x64
		{B069E8BA-8B7B-43B5-8E40-7FE53DB724C1}.Release|x64.Build.0 = Release|x64
		{B069E8BA-8B7B-43B5-8E40-7FE53DB724C1}.Release|x86.ActiveCfg = Release|Win32
		{B069E8BA-8B7B-43B5-8E40-7FE53DB724C1}.Release|x86.Build.0 = Release|Win32
		{F513352B-148D-46F2-A663-77441064D2F0}.Debug|x64.ActiveCfg = Debug|x64
		{F513352B-148D-46F2-A663-77441064D2F0}.Debug|x64.Build.0 = Debug|x64
		{F513352B-148D-46F2-A663-77441064D2F0}.Debug|x86.ActiveCfg = Debug|Win32
		{F513352B-148D-46F2-A663-77441064D2F0}.Debug|x86.Build.0 = Debug|Win32
		{F513352B-148D-46F2-A663-77441064D2F0}.Release|x64.ActiveCfg = Release|x64
		{F513352B-148D-46F2-A663-77441064D2F0}.Release|x64.Build.0 = Release|x64
		{F513352B-148D-46F2-A663-77441064D2F0}.Release|x86.ActiveCfg = Release|Win32
		{F513352B-148D-46F2-A663-77441064D2F0}.Release|x86.Build.0 = Release|Win32
		{98A3036D-3125-4E9D-B565-E5F5222B942A}.Debug|x64.ActiveCfg = Debug|x64
		{98A3036D-3125-4E9D-B565-E5F5222B942A}.Debug|x64.Build.0 = Debug|x64
		{98A3036D-3125-4E9D-B565-E5F5222B942A}.Debug|x86.ActiveCfg = Debug|Win32
		{98A3036D-3125-4E9D-B565-E5F5222B942A}.Debug|x86.Build.0 = Debug|Win32
		{98A3036D-3125-4E9D-B565-E5F5222B942A}.Release|x64.ActiveCfg = Release|x64
		{98A3036D-3125-4E9D-B565-E5F5222B942A}.Release|x64.Build.0 = Release|x64
		{98A3036D-3125-4E9D-B565-E5F5222B942A}.Release|x86.ActiveCfg = Release|Win32
		{98A3036D-3125-4E9D-B565-E5F5222B942A}.Release|x86.Build.0 = Release|Win32
		{14230533-3B6A-4689-A4E4-327AFC825623}.Debug|x64.ActiveCfg = Debug|x64
		{14230533-3B6A-4689-A4E4-327AFC825623}.Debug|x64.Build.0 = Debug|x64
		{14230533-3B6A-4689-A4E4-327AFC825623}.Debug|x86.ActiveCfg = Debug|Win32
		{14230533-3B6A-4689-A4E4-327AFC825623}.Debug|x86.Build.0 = Debug|Win32
		{14230533-3B6A-4689-A4E4-327AFC825623}.Release|x64.ActiveCfg = Release|x64
		{14230533-3B6A-4689-A4E4-327AFC825623}.Release|x64.Build.0 = Release|x64
		{14230533-3B6A-4689-A4E4-327AFC825623}.Release|x86.ActiveCfg = Release|Win32
		{14230533-3B6A-4689-A4E4-327AFC825623}.Release|x86.Build.0 = Release|Win32
		{417634C1-7522-4EC5-8DEF-5D4C82BC5671}.Debug|x64.ActiveCfg = Debug|x64
		{417634C1-7522-4EC5-8DEF-5D4C82BC5671}.Debug|x64.Build.0 = Debug|x64
		{417634C1-7522-4EC5-8DEF-5D4C82BC5671}.Debug|x86.ActiveCfg = Debug|Win32
		{417634C1-7522-4EC5-8DEF-5D4C82BC5671}.Debug|x86.Build.0 = Debug|Win32
		{417634C1-7522-4EC5-8DEF-5D4C82BC5671}.Release|x64.ActiveCfg = Release|x64
		{417634C1-7522-4EC5-8DEF-5D4C82BC5671}.Release|x64.Build.0 = Release|x64
		{417634C1-7522-4EC5-8DEF-5D4C82BC5671}.Release|x86.ActiveCfg = Release|Win32
		{417634C1-7522-4EC5-8DEF-5D4C82BC5671}.Release|x86.Build.0 = Release|Win32
		{3D990A2A-7F81-46D3-AFE0-A41E9BD17C4D}.Debug|x64.ActiveCfg = Debug|x64
		{3D990A2A-7F81-46D3-AFE0-A41E9BD17C4D}.Debug|x64.Build.0 = Debug|x64
		{3D990A2A-7F81-46D3-AFE0-A41E9BD17C4D}.Debug|x86.ActiveCfg = Debug|Win32
		{3D990A2A-7F81-46D3-AFE0-A41E9BD17C4D}.Debug|x86.Build.0 = Debug|Win32
		{3D990A2A-7F81-46D3-AFE0-A41E9BD17C4D}.Release|x64.ActiveCfg = Release|x64
		{3D990A2A-7F81-46D3-AFE0-A41E9BD17C4D}.Release|x64.Build.0 = Release|x64
		{3D990A2A-7F81-46D3-AFE0-A41E9BD17C4D}.Release|x86.ActiveCfg = Release|Win32
		{3D990A2A-7F81-46D3-AFE0-A41E9BD17C4D}.Release|x86.Build.0 = Release|Win32
		{EB8A4CAB-CBC7-475E-A68F-6757CABE763C}.Debug|x64.ActiveCfg = Debug|x64
		{EB8A4CAB-CBC7-475E-A68F-6757CABE763C}.Debug|x64.Build.0 = Debug|x64
		{EB8A4CAB-CBC7-475E-A68F-6757CABE763C}.Debug|x86.ActiveCfg = Debug|Win32
		{EB8A4CAB-CBC7-475E-A68F-6757CABE763C}.Debug|x86.Build.0 = Debug|Win32
		{EB8A4CAB-CBC7-475E-A68F-6757CABE763C}.Release|x64.ActiveCfg = Release|x64
		{EB8A4CAB-CBC7-475E-A68F-6757CABE763C}.Release|x64.Build.0 = Release|x64
		{EB8A4CAB-CBC7-475E-A68F-6757CABE763C}.Release|x86.ActiveCfg = Release|Win32
		{EB8A4CAB-CBC7-475E-A68F-6757CABE763C}.Release|x86.Build.0 = Release|Win32
		{9F302103-99CF-4607-B302-05116B86B512}.Debug|x64.ActiveCfg = Debug|x64
		{9F302103-99CF-4607-B302-05116B86B512}.Debug|x64.Build.0 = Debug|x64
		{9F302103-99CF-4607-B302-05116B86B512}.Debug|x86.ActiveCfg = Debug|Win32
		{9F302103-99CF-4607-B302-05116B86B512}.Debug|x86.Build.0 = Debug|Win32
		{9F302103-99CF-4607-B302-05116B86B512}.Release|x64.ActiveCfg = Release|x64
		{9F302103-99CF-4607-B302-05116B86B512}.Release|x64.Build.0 = Release|x64
		{9F302103-99CF-4607-B302-05116B86B512}.Release|x86.ActiveCfg = Release|Win32
		{9F302103-99CF-4607-B302-05116B86B512}.Release|x86.Build.0 = Release|Win32
		{4709691D-CF05-4142-8149-11AC232BFE61}.Debug|x64.ActiveCfg = Debug|x64
		{4709691D-CF05-4142-8149-11AC232BFE61}.Debug|x64.Build.0 = Debug|x64
		{4709691D-CF05-4142-8149-11AC232BFE61}.Debug|x86.ActiveCfg = Debug|Win32
		{4709691D-CF05-4142-8149-11AC232BFE61}.Debug|x86.Build.0 = Debug|Win32
		{4709691D-CF05-4142-8149-11AC232BFE61}.Release|x64.ActiveCfg = Release|x64
		{4709691D-CF05-4142-8149-11AC232BFE61}.Release|x64.Build.0 = Release|x64
		{4709691D-CF05-4142-8149-11AC232BFE61}.Release|x86.ActiveCfg = Release|Win32
		{4709691D-CF05-4142-8149-11AC232BFE61}.Release|x86.Build.0 = Release|Win32
		{ABDD44A3-5B8F-494E-94B5-FA061F906964}.Debug|x64.ActiveCfg = Debug|x64
		{ABDD44A3-5B8F-494E-94B5-FA061F906964}.Debug|x64.Build.0 = Debug|x64
		{ABDD44A3-5B8F-494E-94B5-FA061F906964}.Debug|x86.ActiveCfg = Debug|Win32
		{ABDD44A3-5B8F-494E-94B5-FA061F906964}.Debug|x86.Build.0 = Debug|Win32
		{ABDD44A3-5B8F-494E-94B5-FA061F906964}.Release|x64.ActiveCfg = Release|x64
		{ABDD44A3-5B8F-494E-94B5-FA061F906964}.Release|x64.Build.0 = Release|x64
		{ABDD44A3-5B8F-494E-94B5-FA061F906964}.Release|x86.ActiveCfg = Release|Win32
		{ABDD44A3-5B8F-494E-94B5-FA061F906964}.Release|x86.Build.0 = Release|Win32
		{4574B1CA-6E81-46CA-A3D6-6B671EB2B05F}.Debug|x64.ActiveCfg = Debug|x64
		{4574B1CA-6E81-46CA-A3D6-6B671EB2B05F}.Debug|x64.Build.0 = Debug|x64
		{4574B1CA-6E81-46CA-A3D6-6B671EB2B05F}.Debug|x86.ActiveCfg = Debug|Win32
		{4574B1CA-6E81-46CA-A3D6-6B671EB2B05F}.Debug|x86.Build.0 = Debug|Win32
		{4574B1CA-6E81-46CA-A3D6-6B671EB2B05F}.Release|x64.ActiveCfg = Release|x64
		{4574B1CA-6E81-46CA-A3D6-6B671EB2B05F}.Release|x64.Build.0 = Release|x64
		{4574B1CA-6E81-46CA-A3D6-6B671EB2B05F}.Release|x86.ActiveCfg = Release|Win32
		{4574B1CA-6E81-46CA-A3D6-6B671EB2B05F}.Release|x86.Build.0 = Release|Win32
	EndGlobalSection
	GlobalSection(SolutionProperties) = preSolution
		HideSolutionNode = FALSE
	EndGlobalSection
	GlobalSection(ExtensibilityGlobals) = postSolution
		SolutionGuid = {EBF11437-2387-44F9-BD59-8573F0DA9C5B}
	EndGlobalSection
EndGlobal
